
Microsoft Visual Studio Solution File, Format Version 12.00
# Visual Studio 2012
Project("{FAE04EC0-301F-11D3-BF4B-00C04F79EFBC}") = "01.Shapes", "01.Shapes\01.Shapes.csproj", "{AA8AA4CD-6FF3-44D9-992D-717F73E2E38B}"
EndProject
Project("{FAE04EC0-301F-11D3-BF4B-00C04F79EFBC}") = "02.Bank", "02.Bank\02.Bank.csproj", "{17975051-DBAD-45BC-B014-9DA1E7993506}"
EndProject
Project("{FAE04EC0-301F-11D3-BF4B-00C04F79EFBC}") = "03.Exception", "03.Exception\03.Exception.csproj", "{5638A0C7-AAF3-4274-89E4-4C8F305B57E2}"
EndProject
Global
	GlobalSection(SolutionConfigurationPlatforms) = preSolution
		Debug|Any CPU = Debug|Any CPU
		Release|Any CPU = Release|Any CPU
	EndGlobalSection
	GlobalSection(ProjectConfigurationPlatforms) = postSolution
		{AA8AA4CD-6FF3-44D9-992D-717F73E2E38B}.Debug|Any CPU.ActiveCfg = Debug|Any CPU
		{AA8AA4CD-6FF3-44D9-992D-717F73E2E38B}.Debug|Any CPU.Build.0 = Debug|Any CPU
		{AA8AA4CD-6FF3-44D9-992D-717F73E2E38B}.Release|Any CPU.ActiveCfg = Release|Any CPU
		{AA8AA4CD-6FF3-44D9-992D-717F73E2E38B}.Release|Any CPU.Build.0 = Release|Any CPU
		{17975051-DBAD-45BC-B014-9DA1E7993506}.Debug|Any CPU.ActiveCfg = Debug|Any CPU
		{17975051-DBAD-45BC-B014-9DA1E7993506}.Debug|Any CPU.Build.0 = Debug|Any CPU
		{17975051-DBAD-45BC-B014-9DA1E7993506}.Release|Any CPU.ActiveCfg = Release|Any CPU
		{17975051-DBAD-45BC-B014-9DA1E7993506}.Release|Any CPU.Build.0 = Release|Any CPU
		{5638A0C7-AAF3-4274-89E4-4C8F305B57E2}.Debug|Any CPU.ActiveCfg = Debug|Any CPU
		{5638A0C7-AAF3-4274-89E4-4C8F305B57E2}.Debug|Any CPU.Build.0 = Debug|Any CPU
		{5638A0C7-AAF3-4274-89E4-4C8F305B57E2}.Release|Any CPU.ActiveCfg = Release|Any CPU
		{5638A0C7-AAF3-4274-89E4-4C8F305B57E2}.Release|Any CPU.Build.0 = Release|Any CPU
	EndGlobalSection
	GlobalSection(SolutionProperties) = preSolution
		HideSolutionNode = FALSE
	EndGlobalSection
EndGlobal
