
Microsoft Visual Studio Solution File, Format Version 12.00
# Visual Studio 2012
Project("{FAE04EC0-301F-11D3-BF4B-00C04F79EFBC}") = "01.SubstringForStringBuilder", "01.SubstringForStringBuilder\01.SubstringForStringBuilder.csproj", "{B767A1C8-0DB9-4984-8F9A-52BDB26432AE}"
EndProject
Project("{FAE04EC0-301F-11D3-BF4B-00C04F79EFBC}") = "02.ExtendIEnumerableT", "02.ExtendIEnumerableT\02.ExtendIEnumerableT.csproj", "{B2A1B76E-914A-420D-A19D-FD589A90DBF1}"
EndProject
Project("{FAE04EC0-301F-11D3-BF4B-00C04F79EFBC}") = "03.Students", "03.Students\03.Students.csproj", "{651CDEAC-E563-4D79-BAD2-A3AC39C55B7F}"
EndProject
Project("{FAE04EC0-301F-11D3-BF4B-00C04F79EFBC}") = "04.IntArrayExtractionQueries", "04.IntArrayExtractionQueries\04.IntArrayExtractionQueries.csproj", "{C3F73BDB-C646-4EA8-A09B-357528C930EE}"
EndProject
Project("{FAE04EC0-301F-11D3-BF4B-00C04F79EFBC}") = "05.Timer", "05.Timer\05.Timer.csproj", "{1A1B0B36-8700-471E-B813-D3FF4D8F7ABD}"
EndProject
Project("{FAE04EC0-301F-11D3-BF4B-00C04F79EFBC}") = "06.TimerUsingEvent", "06.TimerUsingEvent\06.TimerUsingEvent.csproj", "{84601FB7-CE52-46F1-AB61-4FDE4E617A31}"
EndProject
Global
	GlobalSection(SolutionConfigurationPlatforms) = preSolution
		Debug|Any CPU = Debug|Any CPU
		Release|Any CPU = Release|Any CPU
	EndGlobalSection
	GlobalSection(ProjectConfigurationPlatforms) = postSolution
		{B767A1C8-0DB9-4984-8F9A-52BDB26432AE}.Debug|Any CPU.ActiveCfg = Debug|Any CPU
		{B767A1C8-0DB9-4984-8F9A-52BDB26432AE}.Debug|Any CPU.Build.0 = Debug|Any CPU
		{B767A1C8-0DB9-4984-8F9A-52BDB26432AE}.Release|Any CPU.ActiveCfg = Release|Any CPU
		{B767A1C8-0DB9-4984-8F9A-52BDB26432AE}.Release|Any CPU.Build.0 = Release|Any CPU
		{B2A1B76E-914A-420D-A19D-FD589A90DBF1}.Debug|Any CPU.ActiveCfg = Debug|Any CPU
		{B2A1B76E-914A-420D-A19D-FD589A90DBF1}.Debug|Any CPU.Build.0 = Debug|Any CPU
		{B2A1B76E-914A-420D-A19D-FD589A90DBF1}.Release|Any CPU.ActiveCfg = Release|Any CPU
		{B2A1B76E-914A-420D-A19D-FD589A90DBF1}.Release|Any CPU.Build.0 = Release|Any CPU
		{651CDEAC-E563-4D79-BAD2-A3AC39C55B7F}.Debug|Any CPU.ActiveCfg = Debug|Any CPU
		{651CDEAC-E563-4D79-BAD2-A3AC39C55B7F}.Debug|Any CPU.Build.0 = Debug|Any CPU
		{651CDEAC-E563-4D79-BAD2-A3AC39C55B7F}.Release|Any CPU.ActiveCfg = Release|Any CPU
		{651CDEAC-E563-4D79-BAD2-A3AC39C55B7F}.Release|Any CPU.Build.0 = Release|Any CPU
		{C3F73BDB-C646-4EA8-A09B-357528C930EE}.Debug|Any CPU.ActiveCfg = Debug|Any CPU
		{C3F73BDB-C646-4EA8-A09B-357528C930EE}.Debug|Any CPU.Build.0 = Debug|Any CPU
		{C3F73BDB-C646-4EA8-A09B-357528C930EE}.Release|Any CPU.ActiveCfg = Release|Any CPU
		{C3F73BDB-C646-4EA8-A09B-357528C930EE}.Release|Any CPU.Build.0 = Release|Any CPU
		{1A1B0B36-8700-471E-B813-D3FF4D8F7ABD}.Debug|Any CPU.ActiveCfg = Debug|Any CPU
		{1A1B0B36-8700-471E-B813-D3FF4D8F7ABD}.Debug|Any CPU.Build.0 = Debug|Any CPU
		{1A1B0B36-8700-471E-B813-D3FF4D8F7ABD}.Release|Any CPU.ActiveCfg = Release|Any CPU
		{1A1B0B36-8700-471E-B813-D3FF4D8F7ABD}.Release|Any CPU.Build.0 = Release|Any CPU
		{84601FB7-CE52-46F1-AB61-4FDE4E617A31}.Debug|Any CPU.ActiveCfg = Debug|Any CPU
		{84601FB7-CE52-46F1-AB61-4FDE4E617A31}.Debug|Any CPU.Build.0 = Debug|Any CPU
		{84601FB7-CE52-46F1-AB61-4FDE4E617A31}.Release|Any CPU.ActiveCfg = Release|Any CPU
		{84601FB7-CE52-46F1-AB61-4FDE4E617A31}.Release|Any CPU.Build.0 = Release|Any CPU
	EndGlobalSection
	GlobalSection(SolutionProperties) = preSolution
		HideSolutionNode = FALSE
	EndGlobalSection
EndGlobal
