
Microsoft Visual Studio Solution File, Format Version 12.00
# Visual Studio 2013
VisualStudioVersion = 12.0.30723.0
MinimumVisualStudioVersion = 10.0.40219.1
Project("{FAE04EC0-301F-11D3-BF4B-00C04F79EFBC}") = "BinaryPasswords", "BinaryPasswords\BinaryPasswords.csproj", "{5CA11048-88F8-4B7C-B43D-9100DE0B1256}"
EndProject
Project("{FAE04EC0-301F-11D3-BF4B-00C04F79EFBC}") = "ColoredRabits", "ColoredRabits\ColoredRabits.csproj", "{827F61F2-BA68-40DA-B283-47E3B0C106BF}"
EndProject
Global
	GlobalSection(SolutionConfigurationPlatforms) = preSolution
		Debug|Any CPU = Debug|Any CPU
		Release|Any CPU = Release|Any CPU
	EndGlobalSection
	GlobalSection(ProjectConfigurationPlatforms) = postSolution
		{5CA11048-88F8-4B7C-B43D-9100DE0B1256}.Debug|Any CPU.ActiveCfg = Debug|Any CPU
		{5CA11048-88F8-4B7C-B43D-9100DE0B1256}.Debug|Any CPU.Build.0 = Debug|Any CPU
		{5CA11048-88F8-4B7C-B43D-9100DE0B1256}.Release|Any CPU.ActiveCfg = Release|Any CPU
		{5CA11048-88F8-4B7C-B43D-9100DE0B1256}.Release|Any CPU.Build.0 = Release|Any CPU
		{827F61F2-BA68-40DA-B283-47E3B0C106BF}.Debug|Any CPU.ActiveCfg = Debug|Any CPU
		{827F61F2-BA68-40DA-B283-47E3B0C106BF}.Debug|Any CPU.Build.0 = Debug|Any CPU
		{827F61F2-BA68-40DA-B283-47E3B0C106BF}.Release|Any CPU.ActiveCfg = Release|Any CPU
		{827F61F2-BA68-40DA-B283-47E3B0C106BF}.Release|Any CPU.Build.0 = Release|Any CPU
	EndGlobalSection
	GlobalSection(SolutionProperties) = preSolution
		HideSolutionNode = FALSE
	EndGlobalSection
EndGlobal
