
Microsoft Visual Studio Solution File, Format Version 12.00
# Visual Studio 2013
VisualStudioVersion = 12.0.30723.0
MinimumVisualStudioVersion = 10.0.40219.1
Project("{FAE04EC0-301F-11D3-BF4B-00C04F79EFBC}") = "ToysStore.Data", "ToysStore.Data\ToysStore.Data.csproj", "{C181C030-E8C9-44C0-97C8-C5E6304CD190}"
EndProject
Project("{FAE04EC0-301F-11D3-BF4B-00C04F79EFBC}") = "ToysStore.Seeder", "ToysStore.Seeder\ToysStore.Seeder.csproj", "{A48A0A84-9656-4E95-92DF-01E4B38234C8}"
EndProject
Project("{FAE04EC0-301F-11D3-BF4B-00C04F79EFBC}") = "ToysStore.ConsoleClient", "ToysStore.ConsoleClient\ToysStore.ConsoleClient.csproj", "{C6F87F97-394E-4350-8025-8D0EBF7F22AA}"
EndProject
Project("{FAE04EC0-301F-11D3-BF4B-00C04F79EFBC}") = "ToysStore.Models", "ToysStore.Models\ToysStore.Models.csproj", "{32537268-98DE-4CB7-8B50-82C7121FDE61}"
EndProject
Project("{2150E333-8FDC-42A3-9474-1A3956D46DE8}") = "ToysStore", "ToysStore", "{10A4C3F2-D198-4214-B192-250B8D5CBD22}"
EndProject
Project("{2150E333-8FDC-42A3-9474-1A3956D46DE8}") = "Bookstore", "Bookstore", "{F38BB3E3-BA33-4992-ABA0-BF9ED7F9989A}"
EndProject
Project("{FAE04EC0-301F-11D3-BF4B-00C04F79EFBC}") = "Bookstore.Models", "Bookstore.Models\Bookstore.Models.csproj", "{8C4296AD-9F49-4CFA-B8B5-DC607D0CAC20}"
EndProject
Project("{FAE04EC0-301F-11D3-BF4B-00C04F79EFBC}") = "Bookstore.Data", "Bookstore.Data\Bookstore.Data.csproj", "{4F586CA8-3687-4799-9948-1F0C3CCC7958}"
EndProject
Project("{FAE04EC0-301F-11D3-BF4B-00C04F79EFBC}") = "Bookstore.ConsoleClient", "Bookstore.ConsoleClient\Bookstore.ConsoleClient.csproj", "{623E952A-1CF4-4F5D-9909-558AB1767D55}"
EndProject
Project("{FAE04EC0-301F-11D3-BF4B-00C04F79EFBC}") = "Bookstore.XML", "Bookstore.XML\Bookstore.XML.csproj", "{2CAFC3CF-9B21-4239-95EA-8963FEBFBDC4}"
EndProject
Global
	GlobalSection(SolutionConfigurationPlatforms) = preSolution
		Debug|Any CPU = Debug|Any CPU
		Release|Any CPU = Release|Any CPU
	EndGlobalSection
	GlobalSection(ProjectConfigurationPlatforms) = postSolution
		{C181C030-E8C9-44C0-97C8-C5E6304CD190}.Debug|Any CPU.ActiveCfg = Debug|Any CPU
		{C181C030-E8C9-44C0-97C8-C5E6304CD190}.Debug|Any CPU.Build.0 = Debug|Any CPU
		{C181C030-E8C9-44C0-97C8-C5E6304CD190}.Release|Any CPU.ActiveCfg = Release|Any CPU
		{C181C030-E8C9-44C0-97C8-C5E6304CD190}.Release|Any CPU.Build.0 = Release|Any CPU
		{A48A0A84-9656-4E95-92DF-01E4B38234C8}.Debug|Any CPU.ActiveCfg = Debug|Any CPU
		{A48A0A84-9656-4E95-92DF-01E4B38234C8}.Debug|Any CPU.Build.0 = Debug|Any CPU
		{A48A0A84-9656-4E95-92DF-01E4B38234C8}.Release|Any CPU.ActiveCfg = Release|Any CPU
		{A48A0A84-9656-4E95-92DF-01E4B38234C8}.Release|Any CPU.Build.0 = Release|Any CPU
		{C6F87F97-394E-4350-8025-8D0EBF7F22AA}.Debug|Any CPU.ActiveCfg = Debug|Any CPU
		{C6F87F97-394E-4350-8025-8D0EBF7F22AA}.Debug|Any CPU.Build.0 = Debug|Any CPU
		{C6F87F97-394E-4350-8025-8D0EBF7F22AA}.Release|Any CPU.ActiveCfg = Release|Any CPU
		{C6F87F97-394E-4350-8025-8D0EBF7F22AA}.Release|Any CPU.Build.0 = Release|Any CPU
		{32537268-98DE-4CB7-8B50-82C7121FDE61}.Debug|Any CPU.ActiveCfg = Debug|Any CPU
		{32537268-98DE-4CB7-8B50-82C7121FDE61}.Debug|Any CPU.Build.0 = Debug|Any CPU
		{32537268-98DE-4CB7-8B50-82C7121FDE61}.Release|Any CPU.ActiveCfg = Release|Any CPU
		{32537268-98DE-4CB7-8B50-82C7121FDE61}.Release|Any CPU.Build.0 = Release|Any CPU
		{8C4296AD-9F49-4CFA-B8B5-DC607D0CAC20}.Debug|Any CPU.ActiveCfg = Debug|Any CPU
		{8C4296AD-9F49-4CFA-B8B5-DC607D0CAC20}.Debug|Any CPU.Build.0 = Debug|Any CPU
		{8C4296AD-9F49-4CFA-B8B5-DC607D0CAC20}.Release|Any CPU.ActiveCfg = Release|Any CPU
		{8C4296AD-9F49-4CFA-B8B5-DC607D0CAC20}.Release|Any CPU.Build.0 = Release|Any CPU
		{4F586CA8-3687-4799-9948-1F0C3CCC7958}.Debug|Any CPU.ActiveCfg = Debug|Any CPU
		{4F586CA8-3687-4799-9948-1F0C3CCC7958}.Debug|Any CPU.Build.0 = Debug|Any CPU
		{4F586CA8-3687-4799-9948-1F0C3CCC7958}.Release|Any CPU.ActiveCfg = Release|Any CPU
		{4F586CA8-3687-4799-9948-1F0C3CCC7958}.Release|Any CPU.Build.0 = Release|Any CPU
		{623E952A-1CF4-4F5D-9909-558AB1767D55}.Debug|Any CPU.ActiveCfg = Debug|Any CPU
		{623E952A-1CF4-4F5D-9909-558AB1767D55}.Debug|Any CPU.Build.0 = Debug|Any CPU
		{623E952A-1CF4-4F5D-9909-558AB1767D55}.Release|Any CPU.ActiveCfg = Release|Any CPU
		{623E952A-1CF4-4F5D-9909-558AB1767D55}.Release|Any CPU.Build.0 = Release|Any CPU
		{2CAFC3CF-9B21-4239-95EA-8963FEBFBDC4}.Debug|Any CPU.ActiveCfg = Debug|Any CPU
		{2CAFC3CF-9B21-4239-95EA-8963FEBFBDC4}.Debug|Any CPU.Build.0 = Debug|Any CPU
		{2CAFC3CF-9B21-4239-95EA-8963FEBFBDC4}.Release|Any CPU.ActiveCfg = Release|Any CPU
		{2CAFC3CF-9B21-4239-95EA-8963FEBFBDC4}.Release|Any CPU.Build.0 = Release|Any CPU
	EndGlobalSection
	GlobalSection(SolutionProperties) = preSolution
		HideSolutionNode = FALSE
	EndGlobalSection
	GlobalSection(NestedProjects) = preSolution
		{C181C030-E8C9-44C0-97C8-C5E6304CD190} = {10A4C3F2-D198-4214-B192-250B8D5CBD22}
		{A48A0A84-9656-4E95-92DF-01E4B38234C8} = {10A4C3F2-D198-4214-B192-250B8D5CBD22}
		{C6F87F97-394E-4350-8025-8D0EBF7F22AA} = {10A4C3F2-D198-4214-B192-250B8D5CBD22}
		{32537268-98DE-4CB7-8B50-82C7121FDE61} = {10A4C3F2-D198-4214-B192-250B8D5CBD22}
		{8C4296AD-9F49-4CFA-B8B5-DC607D0CAC20} = {F38BB3E3-BA33-4992-ABA0-BF9ED7F9989A}
		{4F586CA8-3687-4799-9948-1F0C3CCC7958} = {F38BB3E3-BA33-4992-ABA0-BF9ED7F9989A}
		{623E952A-1CF4-4F5D-9909-558AB1767D55} = {F38BB3E3-BA33-4992-ABA0-BF9ED7F9989A}
		{2CAFC3CF-9B21-4239-95EA-8963FEBFBDC4} = {F38BB3E3-BA33-4992-ABA0-BF9ED7F9989A}
	EndGlobalSection
EndGlobal
