
Microsoft Visual Studio Solution File, Format Version 12.00
# Visual Studio 2013
VisualStudioVersion = 12.0.30324.0
MinimumVisualStudioVersion = 10.0.40219.1
Project("{2150E333-8FDC-42A3-9474-1A3956D46DE8}") = "CSS Styling Exam – Variant 1", "CSS Styling Exam – Variant 1", "{821E0D3B-65AC-461D-8BB4-F7DECFE22694}"
EndProject
Project("{E24C65DC-7377-472B-9ABA-BC803B73C61A}") = "Task1(2)", "http://localhost:1460", "{9EE153BC-330A-44D1-B615-361E67039691}"
	ProjectSection(WebsiteProperties) = preProject
		UseIISExpress = "true"
		TargetFrameworkMoniker = ".NETFramework,Version%3Dv4.5"
		Debug.AspNetCompiler.VirtualPath = "/localhost_1460"
		Debug.AspNetCompiler.PhysicalPath = "CSS Styling Exam – Variant 1\Task1\"
		Debug.AspNetCompiler.TargetPath = "PrecompiledWeb\localhost_1460\"
		Debug.AspNetCompiler.Updateable = "true"
		Debug.AspNetCompiler.ForceOverwrite = "true"
		Debug.AspNetCompiler.FixedNames = "false"
		Debug.AspNetCompiler.Debug = "True"
		Release.AspNetCompiler.VirtualPath = "/localhost_1460"
		Release.AspNetCompiler.PhysicalPath = "CSS Styling Exam – Variant 1\Task1\"
		Release.AspNetCompiler.TargetPath = "PrecompiledWeb\localhost_1460\"
		Release.AspNetCompiler.Updateable = "true"
		Release.AspNetCompiler.ForceOverwrite = "true"
		Release.AspNetCompiler.FixedNames = "false"
		Release.AspNetCompiler.Debug = "False"
		SlnRelativePath = "CSS Styling Exam – Variant 1\Task1\"
		DefaultWebSiteLanguage = "Visual C#"
	EndProjectSection
EndProject
Project("{E24C65DC-7377-472B-9ABA-BC803B73C61A}") = "Task2", "http://localhost:7530", "{8A3F37E5-92BE-4F79-B985-8EAC77FECDC0}"
	ProjectSection(WebsiteProperties) = preProject
		UseIISExpress = "true"
		TargetFrameworkMoniker = ".NETFramework,Version%3Dv4.5"
		Debug.AspNetCompiler.VirtualPath = "/localhost_7530"
		Debug.AspNetCompiler.PhysicalPath = "CSS Styling Exam – Variant 1\Task2\"
		Debug.AspNetCompiler.TargetPath = "PrecompiledWeb\localhost_7530\"
		Debug.AspNetCompiler.Updateable = "true"
		Debug.AspNetCompiler.ForceOverwrite = "true"
		Debug.AspNetCompiler.FixedNames = "false"
		Debug.AspNetCompiler.Debug = "True"
		Release.AspNetCompiler.VirtualPath = "/localhost_7530"
		Release.AspNetCompiler.PhysicalPath = "CSS Styling Exam – Variant 1\Task2\"
		Release.AspNetCompiler.TargetPath = "PrecompiledWeb\localhost_7530\"
		Release.AspNetCompiler.Updateable = "true"
		Release.AspNetCompiler.ForceOverwrite = "true"
		Release.AspNetCompiler.FixedNames = "false"
		Release.AspNetCompiler.Debug = "False"
		SlnRelativePath = "CSS Styling Exam – Variant 1\Task2\"
		DefaultWebSiteLanguage = "Visual C#"
	EndProjectSection
EndProject
Project("{E24C65DC-7377-472B-9ABA-BC803B73C61A}") = "Task3", "http://localhost:64728", "{087724A5-4A8F-4423-BC4C-3851E3F32172}"
	ProjectSection(WebsiteProperties) = preProject
		UseIISExpress = "true"
		TargetFrameworkMoniker = ".NETFramework,Version%3Dv4.5"
		Debug.AspNetCompiler.VirtualPath = "/localhost_64728"
		Debug.AspNetCompiler.PhysicalPath = "CSS Styling Exam – Variant 1\Task3\"
		Debug.AspNetCompiler.TargetPath = "PrecompiledWeb\localhost_64728\"
		Debug.AspNetCompiler.Updateable = "true"
		Debug.AspNetCompiler.ForceOverwrite = "true"
		Debug.AspNetCompiler.FixedNames = "false"
		Debug.AspNetCompiler.Debug = "True"
		Release.AspNetCompiler.VirtualPath = "/localhost_64728"
		Release.AspNetCompiler.PhysicalPath = "CSS Styling Exam – Variant 1\Task3\"
		Release.AspNetCompiler.TargetPath = "PrecompiledWeb\localhost_64728\"
		Release.AspNetCompiler.Updateable = "true"
		Release.AspNetCompiler.ForceOverwrite = "true"
		Release.AspNetCompiler.FixedNames = "false"
		Release.AspNetCompiler.Debug = "False"
		SlnRelativePath = "CSS Styling Exam – Variant 1\Task3\"
		DefaultWebSiteLanguage = "Visual C#"
	EndProjectSection
EndProject
Project("{2150E333-8FDC-42A3-9474-1A3956D46DE8}") = "CSS Styling Exam - Variant 2", "CSS Styling Exam - Variant 2", "{93EEDB53-453E-42CB-B583-FD30DCEEE4D2}"
EndProject
Project("{E24C65DC-7377-472B-9ABA-BC803B73C61A}") = "Task1(3)", "http://localhost:1577", "{49AE9EC5-CEE4-448F-AAB5-E9650ED40525}"
	ProjectSection(WebsiteProperties) = preProject
		UseIISExpress = "true"
		TargetFrameworkMoniker = ".NETFramework,Version%3Dv4.5"
		Debug.AspNetCompiler.VirtualPath = "/localhost_1577"
		Debug.AspNetCompiler.PhysicalPath = "CSS Styling Exam – Variant 2\Task1\"
		Debug.AspNetCompiler.TargetPath = "PrecompiledWeb\localhost_1577\"
		Debug.AspNetCompiler.Updateable = "true"
		Debug.AspNetCompiler.ForceOverwrite = "true"
		Debug.AspNetCompiler.FixedNames = "false"
		Debug.AspNetCompiler.Debug = "True"
		Release.AspNetCompiler.VirtualPath = "/localhost_1577"
		Release.AspNetCompiler.PhysicalPath = "CSS Styling Exam – Variant 2\Task1\"
		Release.AspNetCompiler.TargetPath = "PrecompiledWeb\localhost_1577\"
		Release.AspNetCompiler.Updateable = "true"
		Release.AspNetCompiler.ForceOverwrite = "true"
		Release.AspNetCompiler.FixedNames = "false"
		Release.AspNetCompiler.Debug = "False"
		SlnRelativePath = "CSS Styling Exam – Variant 2\Task1\"
		DefaultWebSiteLanguage = "Visual C#"
	EndProjectSection
EndProject
Project("{E24C65DC-7377-472B-9ABA-BC803B73C61A}") = "Task2(1)", "http://localhost:1578", "{316955F0-520E-4A08-9A48-CEBE6D30A099}"
	ProjectSection(WebsiteProperties) = preProject
		UseIISExpress = "true"
		TargetFrameworkMoniker = ".NETFramework,Version%3Dv4.5"
		Debug.AspNetCompiler.VirtualPath = "/localhost_1578"
		Debug.AspNetCompiler.PhysicalPath = "CSS Styling Exam – Variant 2\Task2\"
		Debug.AspNetCompiler.TargetPath = "PrecompiledWeb\localhost_1578\"
		Debug.AspNetCompiler.Updateable = "true"
		Debug.AspNetCompiler.ForceOverwrite = "true"
		Debug.AspNetCompiler.FixedNames = "false"
		Debug.AspNetCompiler.Debug = "True"
		Release.AspNetCompiler.VirtualPath = "/localhost_1578"
		Release.AspNetCompiler.PhysicalPath = "CSS Styling Exam – Variant 2\Task2\"
		Release.AspNetCompiler.TargetPath = "PrecompiledWeb\localhost_1578\"
		Release.AspNetCompiler.Updateable = "true"
		Release.AspNetCompiler.ForceOverwrite = "true"
		Release.AspNetCompiler.FixedNames = "false"
		Release.AspNetCompiler.Debug = "False"
		SlnRelativePath = "CSS Styling Exam – Variant 2\Task2\"
		DefaultWebSiteLanguage = "Visual C#"
	EndProjectSection
EndProject
Project("{E24C65DC-7377-472B-9ABA-BC803B73C61A}") = "Task3(1)", "http://localhost:1582", "{4B5731EB-27BD-491D-B668-22A524D4663B}"
	ProjectSection(WebsiteProperties) = preProject
		UseIISExpress = "true"
		TargetFrameworkMoniker = ".NETFramework,Version%3Dv4.5"
		Debug.AspNetCompiler.VirtualPath = "/localhost_1582"
		Debug.AspNetCompiler.PhysicalPath = "CSS Styling Exam – Variant 2\Task3\"
		Debug.AspNetCompiler.TargetPath = "PrecompiledWeb\localhost_1582\"
		Debug.AspNetCompiler.Updateable = "true"
		Debug.AspNetCompiler.ForceOverwrite = "true"
		Debug.AspNetCompiler.FixedNames = "false"
		Debug.AspNetCompiler.Debug = "True"
		Release.AspNetCompiler.VirtualPath = "/localhost_1582"
		Release.AspNetCompiler.PhysicalPath = "CSS Styling Exam – Variant 2\Task3\"
		Release.AspNetCompiler.TargetPath = "PrecompiledWeb\localhost_1582\"
		Release.AspNetCompiler.Updateable = "true"
		Release.AspNetCompiler.ForceOverwrite = "true"
		Release.AspNetCompiler.FixedNames = "false"
		Release.AspNetCompiler.Debug = "False"
		SlnRelativePath = "CSS Styling Exam – Variant 2\Task3\"
		DefaultWebSiteLanguage = "Visual C#"
	EndProjectSection
EndProject
Project("{2150E333-8FDC-42A3-9474-1A3956D46DE8}") = "CSS Styling Exam - Variant 3", "CSS Styling Exam - Variant 3", "{246D7A6D-13F6-4C00-BA2F-427778B6477D}"
EndProject
Project("{E24C65DC-7377-472B-9ABA-BC803B73C61A}") = "Task1(4)", "http://localhost:2805", "{8E8CB3BA-CFF3-4AFD-A276-C01FB84AF4BF}"
	ProjectSection(WebsiteProperties) = preProject
		UseIISExpress = "true"
		TargetFrameworkMoniker = ".NETFramework,Version%3Dv4.5"
		Debug.AspNetCompiler.VirtualPath = "/localhost_2805"
		Debug.AspNetCompiler.PhysicalPath = "CSS Styling Exam – Variant 3\Task1\"
		Debug.AspNetCompiler.TargetPath = "PrecompiledWeb\localhost_2805\"
		Debug.AspNetCompiler.Updateable = "true"
		Debug.AspNetCompiler.ForceOverwrite = "true"
		Debug.AspNetCompiler.FixedNames = "false"
		Debug.AspNetCompiler.Debug = "True"
		Release.AspNetCompiler.VirtualPath = "/localhost_2805"
		Release.AspNetCompiler.PhysicalPath = "CSS Styling Exam – Variant 3\Task1\"
		Release.AspNetCompiler.TargetPath = "PrecompiledWeb\localhost_2805\"
		Release.AspNetCompiler.Updateable = "true"
		Release.AspNetCompiler.ForceOverwrite = "true"
		Release.AspNetCompiler.FixedNames = "false"
		Release.AspNetCompiler.Debug = "False"
		SlnRelativePath = "CSS Styling Exam – Variant 3\Task1\"
		DefaultWebSiteLanguage = "Visual C#"
	EndProjectSection
EndProject
Project("{E24C65DC-7377-472B-9ABA-BC803B73C61A}") = "Task2(2)", "http://localhost:2806", "{B3E12C44-C88C-4BFB-8464-FAE772416DB2}"
	ProjectSection(WebsiteProperties) = preProject
		UseIISExpress = "true"
		TargetFrameworkMoniker = ".NETFramework,Version%3Dv4.5"
		Debug.AspNetCompiler.VirtualPath = "/localhost_2806"
		Debug.AspNetCompiler.PhysicalPath = "CSS Styling Exam – Variant 3\Task2\"
		Debug.AspNetCompiler.TargetPath = "PrecompiledWeb\localhost_2806\"
		Debug.AspNetCompiler.Updateable = "true"
		Debug.AspNetCompiler.ForceOverwrite = "true"
		Debug.AspNetCompiler.FixedNames = "false"
		Debug.AspNetCompiler.Debug = "True"
		Release.AspNetCompiler.VirtualPath = "/localhost_2806"
		Release.AspNetCompiler.PhysicalPath = "CSS Styling Exam – Variant 3\Task2\"
		Release.AspNetCompiler.TargetPath = "PrecompiledWeb\localhost_2806\"
		Release.AspNetCompiler.Updateable = "true"
		Release.AspNetCompiler.ForceOverwrite = "true"
		Release.AspNetCompiler.FixedNames = "false"
		Release.AspNetCompiler.Debug = "False"
		SlnRelativePath = "CSS Styling Exam – Variant 3\Task2\"
		DefaultWebSiteLanguage = "Visual C#"
	EndProjectSection
EndProject
Project("{E24C65DC-7377-472B-9ABA-BC803B73C61A}") = "Task3(2)", "http://localhost:2807", "{37F92A9E-8E17-4121-B043-E6FB7BA4A7AA}"
	ProjectSection(WebsiteProperties) = preProject
		UseIISExpress = "true"
		TargetFrameworkMoniker = ".NETFramework,Version%3Dv4.5"
		Debug.AspNetCompiler.VirtualPath = "/localhost_2807"
		Debug.AspNetCompiler.PhysicalPath = "CSS Styling Exam – Variant 3\Task3\"
		Debug.AspNetCompiler.TargetPath = "PrecompiledWeb\localhost_2807\"
		Debug.AspNetCompiler.Updateable = "true"
		Debug.AspNetCompiler.ForceOverwrite = "true"
		Debug.AspNetCompiler.FixedNames = "false"
		Debug.AspNetCompiler.Debug = "True"
		Release.AspNetCompiler.VirtualPath = "/localhost_2807"
		Release.AspNetCompiler.PhysicalPath = "CSS Styling Exam – Variant 3\Task3\"
		Release.AspNetCompiler.TargetPath = "PrecompiledWeb\localhost_2807\"
		Release.AspNetCompiler.Updateable = "true"
		Release.AspNetCompiler.ForceOverwrite = "true"
		Release.AspNetCompiler.FixedNames = "false"
		Release.AspNetCompiler.Debug = "False"
		SlnRelativePath = "CSS Styling Exam – Variant 3\Task3\"
		DefaultWebSiteLanguage = "Visual C#"
	EndProjectSection
EndProject
Project("{2150E333-8FDC-42A3-9474-1A3956D46DE8}") = "CSS Styling Exam - Variant 4", "CSS Styling Exam - Variant 4", "{8EBAF569-9E5C-447B-B1E4-8C10DD579077}"
EndProject
Project("{E24C65DC-7377-472B-9ABA-BC803B73C61A}") = "Task1(5)", "http://localhost:8953", "{DEC637A1-8DC1-4907-B769-764223C805FE}"
	ProjectSection(WebsiteProperties) = preProject
		UseIISExpress = "true"
		TargetFrameworkMoniker = ".NETFramework,Version%3Dv4.5"
		Debug.AspNetCompiler.VirtualPath = "/localhost_8953"
		Debug.AspNetCompiler.PhysicalPath = "CSS Styling Exam – Variant 4\Task1\"
		Debug.AspNetCompiler.TargetPath = "PrecompiledWeb\localhost_8953\"
		Debug.AspNetCompiler.Updateable = "true"
		Debug.AspNetCompiler.ForceOverwrite = "true"
		Debug.AspNetCompiler.FixedNames = "false"
		Debug.AspNetCompiler.Debug = "True"
		Release.AspNetCompiler.VirtualPath = "/localhost_8953"
		Release.AspNetCompiler.PhysicalPath = "CSS Styling Exam – Variant 4\Task1\"
		Release.AspNetCompiler.TargetPath = "PrecompiledWeb\localhost_8953\"
		Release.AspNetCompiler.Updateable = "true"
		Release.AspNetCompiler.ForceOverwrite = "true"
		Release.AspNetCompiler.FixedNames = "false"
		Release.AspNetCompiler.Debug = "False"
		SlnRelativePath = "CSS Styling Exam – Variant 4\Task1\"
		DefaultWebSiteLanguage = "Visual C#"
	EndProjectSection
EndProject
Project("{E24C65DC-7377-472B-9ABA-BC803B73C61A}") = "Task2(3)", "http://localhost:8954", "{5CC2A7FC-52FE-43F7-A24B-BB41329A96A8}"
	ProjectSection(WebsiteProperties) = preProject
		UseIISExpress = "true"
		TargetFrameworkMoniker = ".NETFramework,Version%3Dv4.5"
		Debug.AspNetCompiler.VirtualPath = "/localhost_8954"
		Debug.AspNetCompiler.PhysicalPath = "CSS Styling Exam – Variant 4\Task2\"
		Debug.AspNetCompiler.TargetPath = "PrecompiledWeb\localhost_8954\"
		Debug.AspNetCompiler.Updateable = "true"
		Debug.AspNetCompiler.ForceOverwrite = "true"
		Debug.AspNetCompiler.FixedNames = "false"
		Debug.AspNetCompiler.Debug = "True"
		Release.AspNetCompiler.VirtualPath = "/localhost_8954"
		Release.AspNetCompiler.PhysicalPath = "CSS Styling Exam – Variant 4\Task2\"
		Release.AspNetCompiler.TargetPath = "PrecompiledWeb\localhost_8954\"
		Release.AspNetCompiler.Updateable = "true"
		Release.AspNetCompiler.ForceOverwrite = "true"
		Release.AspNetCompiler.FixedNames = "false"
		Release.AspNetCompiler.Debug = "False"
		SlnRelativePath = "CSS Styling Exam – Variant 4\Task2\"
		DefaultWebSiteLanguage = "Visual C#"
	EndProjectSection
EndProject
Project("{E24C65DC-7377-472B-9ABA-BC803B73C61A}") = "Task3(3)", "http://localhost:8955", "{1DAD6B27-FA8C-4B04-9DEC-522AC7AD01DE}"
	ProjectSection(WebsiteProperties) = preProject
		UseIISExpress = "true"
		TargetFrameworkMoniker = ".NETFramework,Version%3Dv4.5"
		Debug.AspNetCompiler.VirtualPath = "/localhost_8955"
		Debug.AspNetCompiler.PhysicalPath = "CSS Styling Exam – Variant 4\Task3\"
		Debug.AspNetCompiler.TargetPath = "PrecompiledWeb\localhost_8955\"
		Debug.AspNetCompiler.Updateable = "true"
		Debug.AspNetCompiler.ForceOverwrite = "true"
		Debug.AspNetCompiler.FixedNames = "false"
		Debug.AspNetCompiler.Debug = "True"
		Release.AspNetCompiler.VirtualPath = "/localhost_8955"
		Release.AspNetCompiler.PhysicalPath = "CSS Styling Exam – Variant 4\Task3\"
		Release.AspNetCompiler.TargetPath = "PrecompiledWeb\localhost_8955\"
		Release.AspNetCompiler.Updateable = "true"
		Release.AspNetCompiler.ForceOverwrite = "true"
		Release.AspNetCompiler.FixedNames = "false"
		Release.AspNetCompiler.Debug = "False"
		SlnRelativePath = "CSS Styling Exam – Variant 4\Task3\"
		DefaultWebSiteLanguage = "Visual C#"
	EndProjectSection
EndProject
Global
	GlobalSection(SolutionConfigurationPlatforms) = preSolution
		Debug|Any CPU = Debug|Any CPU
	EndGlobalSection
	GlobalSection(ProjectConfigurationPlatforms) = postSolution
		{9EE153BC-330A-44D1-B615-361E67039691}.Debug|Any CPU.ActiveCfg = Debug|Any CPU
		{9EE153BC-330A-44D1-B615-361E67039691}.Debug|Any CPU.Build.0 = Debug|Any CPU
		{8A3F37E5-92BE-4F79-B985-8EAC77FECDC0}.Debug|Any CPU.ActiveCfg = Debug|Any CPU
		{8A3F37E5-92BE-4F79-B985-8EAC77FECDC0}.Debug|Any CPU.Build.0 = Debug|Any CPU
		{087724A5-4A8F-4423-BC4C-3851E3F32172}.Debug|Any CPU.ActiveCfg = Debug|Any CPU
		{087724A5-4A8F-4423-BC4C-3851E3F32172}.Debug|Any CPU.Build.0 = Debug|Any CPU
		{49AE9EC5-CEE4-448F-AAB5-E9650ED40525}.Debug|Any CPU.ActiveCfg = Debug|Any CPU
		{49AE9EC5-CEE4-448F-AAB5-E9650ED40525}.Debug|Any CPU.Build.0 = Debug|Any CPU
		{316955F0-520E-4A08-9A48-CEBE6D30A099}.Debug|Any CPU.ActiveCfg = Debug|Any CPU
		{316955F0-520E-4A08-9A48-CEBE6D30A099}.Debug|Any CPU.Build.0 = Debug|Any CPU
		{4B5731EB-27BD-491D-B668-22A524D4663B}.Debug|Any CPU.ActiveCfg = Debug|Any CPU
		{4B5731EB-27BD-491D-B668-22A524D4663B}.Debug|Any CPU.Build.0 = Debug|Any CPU
		{8E8CB3BA-CFF3-4AFD-A276-C01FB84AF4BF}.Debug|Any CPU.ActiveCfg = Debug|Any CPU
		{8E8CB3BA-CFF3-4AFD-A276-C01FB84AF4BF}.Debug|Any CPU.Build.0 = Debug|Any CPU
		{B3E12C44-C88C-4BFB-8464-FAE772416DB2}.Debug|Any CPU.ActiveCfg = Debug|Any CPU
		{B3E12C44-C88C-4BFB-8464-FAE772416DB2}.Debug|Any CPU.Build.0 = Debug|Any CPU
		{37F92A9E-8E17-4121-B043-E6FB7BA4A7AA}.Debug|Any CPU.ActiveCfg = Debug|Any CPU
		{37F92A9E-8E17-4121-B043-E6FB7BA4A7AA}.Debug|Any CPU.Build.0 = Debug|Any CPU
		{DEC637A1-8DC1-4907-B769-764223C805FE}.Debug|Any CPU.ActiveCfg = Debug|Any CPU
		{DEC637A1-8DC1-4907-B769-764223C805FE}.Debug|Any CPU.Build.0 = Debug|Any CPU
		{5CC2A7FC-52FE-43F7-A24B-BB41329A96A8}.Debug|Any CPU.ActiveCfg = Debug|Any CPU
		{5CC2A7FC-52FE-43F7-A24B-BB41329A96A8}.Debug|Any CPU.Build.0 = Debug|Any CPU
		{1DAD6B27-FA8C-4B04-9DEC-522AC7AD01DE}.Debug|Any CPU.ActiveCfg = Debug|Any CPU
		{1DAD6B27-FA8C-4B04-9DEC-522AC7AD01DE}.Debug|Any CPU.Build.0 = Debug|Any CPU
	EndGlobalSection
	GlobalSection(SolutionProperties) = preSolution
		HideSolutionNode = FALSE
	EndGlobalSection
	GlobalSection(NestedProjects) = preSolution
		{9EE153BC-330A-44D1-B615-361E67039691} = {821E0D3B-65AC-461D-8BB4-F7DECFE22694}
		{8A3F37E5-92BE-4F79-B985-8EAC77FECDC0} = {821E0D3B-65AC-461D-8BB4-F7DECFE22694}
		{087724A5-4A8F-4423-BC4C-3851E3F32172} = {821E0D3B-65AC-461D-8BB4-F7DECFE22694}
		{49AE9EC5-CEE4-448F-AAB5-E9650ED40525} = {93EEDB53-453E-42CB-B583-FD30DCEEE4D2}
		{316955F0-520E-4A08-9A48-CEBE6D30A099} = {93EEDB53-453E-42CB-B583-FD30DCEEE4D2}
		{4B5731EB-27BD-491D-B668-22A524D4663B} = {93EEDB53-453E-42CB-B583-FD30DCEEE4D2}
		{8E8CB3BA-CFF3-4AFD-A276-C01FB84AF4BF} = {246D7A6D-13F6-4C00-BA2F-427778B6477D}
		{B3E12C44-C88C-4BFB-8464-FAE772416DB2} = {246D7A6D-13F6-4C00-BA2F-427778B6477D}
		{37F92A9E-8E17-4121-B043-E6FB7BA4A7AA} = {246D7A6D-13F6-4C00-BA2F-427778B6477D}
		{DEC637A1-8DC1-4907-B769-764223C805FE} = {8EBAF569-9E5C-447B-B1E4-8C10DD579077}
		{5CC2A7FC-52FE-43F7-A24B-BB41329A96A8} = {8EBAF569-9E5C-447B-B1E4-8C10DD579077}
		{1DAD6B27-FA8C-4B04-9DEC-522AC7AD01DE} = {8EBAF569-9E5C-447B-B1E4-8C10DD579077}
	EndGlobalSection
EndGlobal
