
Microsoft Visual Studio Solution File, Format Version 12.00
# Visual Studio 2013
VisualStudioVersion = 12.0.30324.0
MinimumVisualStudioVersion = 10.0.40219.1
Project("{E24C65DC-7377-472B-9ABA-BC803B73C61A}") = "00.TestWebSite", "http://localhost:4566", "{B51084E1-6CE2-4238-B53F-A29469D85EE7}"
	ProjectSection(WebsiteProperties) = preProject
		UseIISExpress = "true"
		TargetFrameworkMoniker = ".NETFramework,Version%3Dv4.5"
		Debug.AspNetCompiler.VirtualPath = "/localhost_4566"
		Debug.AspNetCompiler.PhysicalPath = "00.TestWebSite\"
		Debug.AspNetCompiler.TargetPath = "PrecompiledWeb\localhost_4566\"
		Debug.AspNetCompiler.Updateable = "true"
		Debug.AspNetCompiler.ForceOverwrite = "true"
		Debug.AspNetCompiler.FixedNames = "false"
		Debug.AspNetCompiler.Debug = "True"
		Release.AspNetCompiler.VirtualPath = "/localhost_4566"
		Release.AspNetCompiler.PhysicalPath = "00.TestWebSite\"
		Release.AspNetCompiler.TargetPath = "PrecompiledWeb\localhost_4566\"
		Release.AspNetCompiler.Updateable = "true"
		Release.AspNetCompiler.ForceOverwrite = "true"
		Release.AspNetCompiler.FixedNames = "false"
		Release.AspNetCompiler.Debug = "False"
		SlnRelativePath = "00.TestWebSite\"
		DefaultWebSiteLanguage = "Visual C#"
	EndProjectSection
EndProject
Project("{2150E333-8FDC-42A3-9474-1A3956D46DE8}") = "CSS Styling Exam – Variant 1", "CSS Styling Exam – Variant 1", "{821E0D3B-65AC-461D-8BB4-F7DECFE22694}"
EndProject
Project("{E24C65DC-7377-472B-9ABA-BC803B73C61A}") = "Task1(2)", "http://localhost:1460", "{9EE153BC-330A-44D1-B615-361E67039691}"
	ProjectSection(WebsiteProperties) = preProject
		UseIISExpress = "true"
		TargetFrameworkMoniker = ".NETFramework,Version%3Dv4.5"
		Debug.AspNetCompiler.VirtualPath = "/localhost_1460"
		Debug.AspNetCompiler.PhysicalPath = "CSS Styling Exam – Variant 1\Task1\"
		Debug.AspNetCompiler.TargetPath = "PrecompiledWeb\localhost_1460\"
		Debug.AspNetCompiler.Updateable = "true"
		Debug.AspNetCompiler.ForceOverwrite = "true"
		Debug.AspNetCompiler.FixedNames = "false"
		Debug.AspNetCompiler.Debug = "True"
		Release.AspNetCompiler.VirtualPath = "/localhost_1460"
		Release.AspNetCompiler.PhysicalPath = "CSS Styling Exam – Variant 1\Task1\"
		Release.AspNetCompiler.TargetPath = "PrecompiledWeb\localhost_1460\"
		Release.AspNetCompiler.Updateable = "true"
		Release.AspNetCompiler.ForceOverwrite = "true"
		Release.AspNetCompiler.FixedNames = "false"
		Release.AspNetCompiler.Debug = "False"
		SlnRelativePath = "CSS Styling Exam – Variant 1\Task1\"
		DefaultWebSiteLanguage = "Visual C#"
	EndProjectSection
EndProject
Project("{E24C65DC-7377-472B-9ABA-BC803B73C61A}") = "Task2", "http://localhost:7530", "{8A3F37E5-92BE-4F79-B985-8EAC77FECDC0}"
	ProjectSection(WebsiteProperties) = preProject
		UseIISExpress = "true"
		TargetFrameworkMoniker = ".NETFramework,Version%3Dv4.5"
		Debug.AspNetCompiler.VirtualPath = "/localhost_7530"
		Debug.AspNetCompiler.PhysicalPath = "CSS Styling Exam – Variant 1\Task2\"
		Debug.AspNetCompiler.TargetPath = "PrecompiledWeb\localhost_7530\"
		Debug.AspNetCompiler.Updateable = "true"
		Debug.AspNetCompiler.ForceOverwrite = "true"
		Debug.AspNetCompiler.FixedNames = "false"
		Debug.AspNetCompiler.Debug = "True"
		Release.AspNetCompiler.VirtualPath = "/localhost_7530"
		Release.AspNetCompiler.PhysicalPath = "CSS Styling Exam – Variant 1\Task2\"
		Release.AspNetCompiler.TargetPath = "PrecompiledWeb\localhost_7530\"
		Release.AspNetCompiler.Updateable = "true"
		Release.AspNetCompiler.ForceOverwrite = "true"
		Release.AspNetCompiler.FixedNames = "false"
		Release.AspNetCompiler.Debug = "False"
		SlnRelativePath = "CSS Styling Exam – Variant 1\Task2\"
		DefaultWebSiteLanguage = "Visual C#"
	EndProjectSection
EndProject
Project("{E24C65DC-7377-472B-9ABA-BC803B73C61A}") = "Task3", "http://localhost:64728", "{087724A5-4A8F-4423-BC4C-3851E3F32172}"
	ProjectSection(WebsiteProperties) = preProject
		UseIISExpress = "true"
		TargetFrameworkMoniker = ".NETFramework,Version%3Dv4.5"
		Debug.AspNetCompiler.VirtualPath = "/localhost_64728"
		Debug.AspNetCompiler.PhysicalPath = "CSS Styling Exam – Variant 1\Task3\"
		Debug.AspNetCompiler.TargetPath = "PrecompiledWeb\localhost_64728\"
		Debug.AspNetCompiler.Updateable = "true"
		Debug.AspNetCompiler.ForceOverwrite = "true"
		Debug.AspNetCompiler.FixedNames = "false"
		Debug.AspNetCompiler.Debug = "True"
		Release.AspNetCompiler.VirtualPath = "/localhost_64728"
		Release.AspNetCompiler.PhysicalPath = "CSS Styling Exam – Variant 1\Task3\"
		Release.AspNetCompiler.TargetPath = "PrecompiledWeb\localhost_64728\"
		Release.AspNetCompiler.Updateable = "true"
		Release.AspNetCompiler.ForceOverwrite = "true"
		Release.AspNetCompiler.FixedNames = "false"
		Release.AspNetCompiler.Debug = "False"
		SlnRelativePath = "CSS Styling Exam – Variant 1\Task3\"
		DefaultWebSiteLanguage = "Visual C#"
	EndProjectSection
EndProject
Global
	GlobalSection(SolutionConfigurationPlatforms) = preSolution
		Debug|Any CPU = Debug|Any CPU
	EndGlobalSection
	GlobalSection(ProjectConfigurationPlatforms) = postSolution
		{B51084E1-6CE2-4238-B53F-A29469D85EE7}.Debug|Any CPU.ActiveCfg = Debug|Any CPU
		{B51084E1-6CE2-4238-B53F-A29469D85EE7}.Debug|Any CPU.Build.0 = Debug|Any CPU
		{9EE153BC-330A-44D1-B615-361E67039691}.Debug|Any CPU.ActiveCfg = Debug|Any CPU
		{9EE153BC-330A-44D1-B615-361E67039691}.Debug|Any CPU.Build.0 = Debug|Any CPU
		{8A3F37E5-92BE-4F79-B985-8EAC77FECDC0}.Debug|Any CPU.ActiveCfg = Debug|Any CPU
		{8A3F37E5-92BE-4F79-B985-8EAC77FECDC0}.Debug|Any CPU.Build.0 = Debug|Any CPU
		{087724A5-4A8F-4423-BC4C-3851E3F32172}.Debug|Any CPU.ActiveCfg = Debug|Any CPU
		{087724A5-4A8F-4423-BC4C-3851E3F32172}.Debug|Any CPU.Build.0 = Debug|Any CPU
	EndGlobalSection
	GlobalSection(SolutionProperties) = preSolution
		HideSolutionNode = FALSE
	EndGlobalSection
	GlobalSection(NestedProjects) = preSolution
		{9EE153BC-330A-44D1-B615-361E67039691} = {821E0D3B-65AC-461D-8BB4-F7DECFE22694}
		{8A3F37E5-92BE-4F79-B985-8EAC77FECDC0} = {821E0D3B-65AC-461D-8BB4-F7DECFE22694}
		{087724A5-4A8F-4423-BC4C-3851E3F32172} = {821E0D3B-65AC-461D-8BB4-F7DECFE22694}
	EndGlobalSection
EndGlobal
