
Microsoft Visual Studio Solution File, Format Version 12.00
# Visual Studio 2013
VisualStudioVersion = 12.0.30324.0
MinimumVisualStudioVersion = 10.0.40219.1
Project("{FAE04EC0-301F-11D3-BF4B-00C04F79EFBC}") = "01. Sequences", "01. Sequences\01. Sequences.csproj", "{71469581-0080-47D7-8F45-BE281AA516C5}"
EndProject
Project("{FAE04EC0-301F-11D3-BF4B-00C04F79EFBC}") = "02.JoroTheNaughty", "02.JoroTheNaughty\02.JoroTheNaughty.csproj", "{ED1F1279-D480-4C15-B103-9CCE5B9DD28A}"
EndProject
Project("{FAE04EC0-301F-11D3-BF4B-00C04F79EFBC}") = "03.ClojureParser", "03.ClojureParser\03.ClojureParser.csproj", "{FFA30EED-F901-43C6-A4F1-75DAF3FE9A6F}"
EndProject
Project("{FAE04EC0-301F-11D3-BF4B-00C04F79EFBC}") = "04. MaxSum", "04. MaxSum\04. MaxSum.csproj", "{8F7D4E53-8E41-4A6F-935F-FDAC7C4D6285}"
EndProject
Project("{FAE04EC0-301F-11D3-BF4B-00C04F79EFBC}") = "05. LabyrinthEscape", "05. LabyrinthEscape\05. LabyrinthEscape.csproj", "{108A953E-9F52-4D40-9758-1FFB550532EE}"
EndProject
Global
	GlobalSection(SolutionConfigurationPlatforms) = preSolution
		Debug|Any CPU = Debug|Any CPU
		Release|Any CPU = Release|Any CPU
	EndGlobalSection
	GlobalSection(ProjectConfigurationPlatforms) = postSolution
		{71469581-0080-47D7-8F45-BE281AA516C5}.Debug|Any CPU.ActiveCfg = Debug|Any CPU
		{71469581-0080-47D7-8F45-BE281AA516C5}.Debug|Any CPU.Build.0 = Debug|Any CPU
		{71469581-0080-47D7-8F45-BE281AA516C5}.Release|Any CPU.ActiveCfg = Release|Any CPU
		{71469581-0080-47D7-8F45-BE281AA516C5}.Release|Any CPU.Build.0 = Release|Any CPU
		{ED1F1279-D480-4C15-B103-9CCE5B9DD28A}.Debug|Any CPU.ActiveCfg = Debug|Any CPU
		{ED1F1279-D480-4C15-B103-9CCE5B9DD28A}.Debug|Any CPU.Build.0 = Debug|Any CPU
		{ED1F1279-D480-4C15-B103-9CCE5B9DD28A}.Release|Any CPU.ActiveCfg = Release|Any CPU
		{ED1F1279-D480-4C15-B103-9CCE5B9DD28A}.Release|Any CPU.Build.0 = Release|Any CPU
		{FFA30EED-F901-43C6-A4F1-75DAF3FE9A6F}.Debug|Any CPU.ActiveCfg = Debug|Any CPU
		{FFA30EED-F901-43C6-A4F1-75DAF3FE9A6F}.Debug|Any CPU.Build.0 = Debug|Any CPU
		{FFA30EED-F901-43C6-A4F1-75DAF3FE9A6F}.Release|Any CPU.ActiveCfg = Release|Any CPU
		{FFA30EED-F901-43C6-A4F1-75DAF3FE9A6F}.Release|Any CPU.Build.0 = Release|Any CPU
		{8F7D4E53-8E41-4A6F-935F-FDAC7C4D6285}.Debug|Any CPU.ActiveCfg = Debug|Any CPU
		{8F7D4E53-8E41-4A6F-935F-FDAC7C4D6285}.Debug|Any CPU.Build.0 = Debug|Any CPU
		{8F7D4E53-8E41-4A6F-935F-FDAC7C4D6285}.Release|Any CPU.ActiveCfg = Release|Any CPU
		{8F7D4E53-8E41-4A6F-935F-FDAC7C4D6285}.Release|Any CPU.Build.0 = Release|Any CPU
		{108A953E-9F52-4D40-9758-1FFB550532EE}.Debug|Any CPU.ActiveCfg = Debug|Any CPU
		{108A953E-9F52-4D40-9758-1FFB550532EE}.Debug|Any CPU.Build.0 = Debug|Any CPU
		{108A953E-9F52-4D40-9758-1FFB550532EE}.Release|Any CPU.ActiveCfg = Release|Any CPU
		{108A953E-9F52-4D40-9758-1FFB550532EE}.Release|Any CPU.Build.0 = Release|Any CPU
	EndGlobalSection
	GlobalSection(SolutionProperties) = preSolution
		HideSolutionNode = FALSE
	EndGlobalSection
EndGlobal
