
Microsoft Visual Studio Solution File, Format Version 12.00
# Visual Studio 2012
Project("{FAE04EC0-301F-11D3-BF4B-00C04F79EFBC}") = "01.ThreeDimensionalSpace", "ThreeDimensionalSpace\01.ThreeDimensionalSpace.csproj", "{5327C739-A678-4CE1-89B8-4BE8D32A2E51}"
EndProject
Project("{FAE04EC0-301F-11D3-BF4B-00C04F79EFBC}") = "02.GenericList", "GenericList\02.GenericList.csproj", "{58C96D05-F602-4941-8454-9DB9F62CE6D4}"
EndProject
Project("{FAE04EC0-301F-11D3-BF4B-00C04F79EFBC}") = "03.Matrix", "Matrix\03.Matrix.csproj", "{E2073497-0C34-41E0-BE2D-B01713CFBCD5}"
EndProject
Project("{FAE04EC0-301F-11D3-BF4B-00C04F79EFBC}") = "04.Version", "Version\04.Version.csproj", "{063E2C24-11CE-4D9B-830F-2B48ADCBBFD2}"
EndProject
Global
	GlobalSection(SolutionConfigurationPlatforms) = preSolution
		Debug|Any CPU = Debug|Any CPU
		Release|Any CPU = Release|Any CPU
	EndGlobalSection
	GlobalSection(ProjectConfigurationPlatforms) = postSolution
		{5327C739-A678-4CE1-89B8-4BE8D32A2E51}.Debug|Any CPU.ActiveCfg = Debug|Any CPU
		{5327C739-A678-4CE1-89B8-4BE8D32A2E51}.Debug|Any CPU.Build.0 = Debug|Any CPU
		{5327C739-A678-4CE1-89B8-4BE8D32A2E51}.Release|Any CPU.ActiveCfg = Release|Any CPU
		{5327C739-A678-4CE1-89B8-4BE8D32A2E51}.Release|Any CPU.Build.0 = Release|Any CPU
		{58C96D05-F602-4941-8454-9DB9F62CE6D4}.Debug|Any CPU.ActiveCfg = Debug|Any CPU
		{58C96D05-F602-4941-8454-9DB9F62CE6D4}.Debug|Any CPU.Build.0 = Debug|Any CPU
		{58C96D05-F602-4941-8454-9DB9F62CE6D4}.Release|Any CPU.ActiveCfg = Release|Any CPU
		{58C96D05-F602-4941-8454-9DB9F62CE6D4}.Release|Any CPU.Build.0 = Release|Any CPU
		{E2073497-0C34-41E0-BE2D-B01713CFBCD5}.Debug|Any CPU.ActiveCfg = Debug|Any CPU
		{E2073497-0C34-41E0-BE2D-B01713CFBCD5}.Debug|Any CPU.Build.0 = Debug|Any CPU
		{E2073497-0C34-41E0-BE2D-B01713CFBCD5}.Release|Any CPU.ActiveCfg = Release|Any CPU
		{E2073497-0C34-41E0-BE2D-B01713CFBCD5}.Release|Any CPU.Build.0 = Release|Any CPU
		{063E2C24-11CE-4D9B-830F-2B48ADCBBFD2}.Debug|Any CPU.ActiveCfg = Debug|Any CPU
		{063E2C24-11CE-4D9B-830F-2B48ADCBBFD2}.Debug|Any CPU.Build.0 = Debug|Any CPU
		{063E2C24-11CE-4D9B-830F-2B48ADCBBFD2}.Release|Any CPU.ActiveCfg = Release|Any CPU
		{063E2C24-11CE-4D9B-830F-2B48ADCBBFD2}.Release|Any CPU.Build.0 = Release|Any CPU
	EndGlobalSection
	GlobalSection(SolutionProperties) = preSolution
		HideSolutionNode = FALSE
	EndGlobalSection
EndGlobal
