
Microsoft Visual Studio Solution File, Format Version 12.00
# Visual Studio 2013
VisualStudioVersion = 12.0.21005.1
MinimumVisualStudioVersion = 10.0.40219.1
Project("{FAE04EC0-301F-11D3-BF4B-00C04F79EFBC}") = "01.PriorityQueue", "01.PriorityQueue\01.PriorityQueue.csproj", "{2CD0C114-D253-44AB-9207-8BB32A424F6E}"
EndProject
Project("{FAE04EC0-301F-11D3-BF4B-00C04F79EFBC}") = "02.Products", "02.Products\02.Products.csproj", "{B70D5959-597C-4AF1-9C0E-701F6454D736}"
EndProject
Project("{FAE04EC0-301F-11D3-BF4B-00C04F79EFBC}") = "03.SearchWords", "03.SearchWords\03.SearchWords.csproj", "{DECBFAB6-6CED-4854-83E8-B885A70EB13F}"
EndProject
Global
	GlobalSection(SolutionConfigurationPlatforms) = preSolution
		Debug|Any CPU = Debug|Any CPU
		Release|Any CPU = Release|Any CPU
	EndGlobalSection
	GlobalSection(ProjectConfigurationPlatforms) = postSolution
		{2CD0C114-D253-44AB-9207-8BB32A424F6E}.Debug|Any CPU.ActiveCfg = Debug|Any CPU
		{2CD0C114-D253-44AB-9207-8BB32A424F6E}.Debug|Any CPU.Build.0 = Debug|Any CPU
		{2CD0C114-D253-44AB-9207-8BB32A424F6E}.Release|Any CPU.ActiveCfg = Release|Any CPU
		{2CD0C114-D253-44AB-9207-8BB32A424F6E}.Release|Any CPU.Build.0 = Release|Any CPU
		{B70D5959-597C-4AF1-9C0E-701F6454D736}.Debug|Any CPU.ActiveCfg = Debug|Any CPU
		{B70D5959-597C-4AF1-9C0E-701F6454D736}.Debug|Any CPU.Build.0 = Debug|Any CPU
		{B70D5959-597C-4AF1-9C0E-701F6454D736}.Release|Any CPU.ActiveCfg = Release|Any CPU
		{B70D5959-597C-4AF1-9C0E-701F6454D736}.Release|Any CPU.Build.0 = Release|Any CPU
		{DECBFAB6-6CED-4854-83E8-B885A70EB13F}.Debug|Any CPU.ActiveCfg = Debug|Any CPU
		{DECBFAB6-6CED-4854-83E8-B885A70EB13F}.Debug|Any CPU.Build.0 = Debug|Any CPU
		{DECBFAB6-6CED-4854-83E8-B885A70EB13F}.Release|Any CPU.ActiveCfg = Release|Any CPU
		{DECBFAB6-6CED-4854-83E8-B885A70EB13F}.Release|Any CPU.Build.0 = Release|Any CPU
	EndGlobalSection
	GlobalSection(SolutionProperties) = preSolution
		HideSolutionNode = FALSE
	EndGlobalSection
EndGlobal
