
Microsoft Visual Studio Solution File, Format Version 12.00
# Visual Studio 2012
Project("{FAE04EC0-301F-11D3-BF4B-00C04F79EFBC}") = "01.School", "01.School\01.School.csproj", "{444CB97A-0007-4C8E-BF0E-EA7DB99779C8}"
EndProject
Project("{FAE04EC0-301F-11D3-BF4B-00C04F79EFBC}") = "02.Humans", "02.Humans\02.Humans.csproj", "{9B2FA608-1C31-4198-9CFB-F903C564EFFD}"
EndProject
Project("{FAE04EC0-301F-11D3-BF4B-00C04F79EFBC}") = "03.Animals", "03.Animals\03.Animals.csproj", "{FCED3DB8-23A5-4D92-8DD5-79484282BCDC}"
EndProject
Global
	GlobalSection(SolutionConfigurationPlatforms) = preSolution
		Debug|Any CPU = Debug|Any CPU
		Release|Any CPU = Release|Any CPU
	EndGlobalSection
	GlobalSection(ProjectConfigurationPlatforms) = postSolution
		{444CB97A-0007-4C8E-BF0E-EA7DB99779C8}.Debug|Any CPU.ActiveCfg = Debug|Any CPU
		{444CB97A-0007-4C8E-BF0E-EA7DB99779C8}.Debug|Any CPU.Build.0 = Debug|Any CPU
		{444CB97A-0007-4C8E-BF0E-EA7DB99779C8}.Release|Any CPU.ActiveCfg = Release|Any CPU
		{444CB97A-0007-4C8E-BF0E-EA7DB99779C8}.Release|Any CPU.Build.0 = Release|Any CPU
		{9B2FA608-1C31-4198-9CFB-F903C564EFFD}.Debug|Any CPU.ActiveCfg = Debug|Any CPU
		{9B2FA608-1C31-4198-9CFB-F903C564EFFD}.Debug|Any CPU.Build.0 = Debug|Any CPU
		{9B2FA608-1C31-4198-9CFB-F903C564EFFD}.Release|Any CPU.ActiveCfg = Release|Any CPU
		{9B2FA608-1C31-4198-9CFB-F903C564EFFD}.Release|Any CPU.Build.0 = Release|Any CPU
		{FCED3DB8-23A5-4D92-8DD5-79484282BCDC}.Debug|Any CPU.ActiveCfg = Debug|Any CPU
		{FCED3DB8-23A5-4D92-8DD5-79484282BCDC}.Debug|Any CPU.Build.0 = Debug|Any CPU
		{FCED3DB8-23A5-4D92-8DD5-79484282BCDC}.Release|Any CPU.ActiveCfg = Release|Any CPU
		{FCED3DB8-23A5-4D92-8DD5-79484282BCDC}.Release|Any CPU.Build.0 = Release|Any CPU
	EndGlobalSection
	GlobalSection(SolutionProperties) = preSolution
		HideSolutionNode = FALSE
	EndGlobalSection
EndGlobal
