
Microsoft Visual Studio Solution File, Format Version 12.00
# Visual Studio 2013
VisualStudioVersion = 12.0.30324.0
MinimumVisualStudioVersion = 10.0.40219.1
Project("{FAE04EC0-301F-11D3-BF4B-00C04F79EFBC}") = "01. RefactoringTask1", "01. RefactoringTask1\01. RefactoringTask1.csproj", "{CE4AE955-E69C-4EA1-B4FF-B9BED916D8A2}"
EndProject
Project("{FAE04EC0-301F-11D3-BF4B-00C04F79EFBC}") = "02. RefactoringTask2", "02. RefactoringTask2\02. RefactoringTask2.csproj", "{E3AE532D-0233-4B6B-9AF7-9DE2CCC1C67D}"
EndProject
Global
	GlobalSection(SolutionConfigurationPlatforms) = preSolution
		Debug|Any CPU = Debug|Any CPU
		Release|Any CPU = Release|Any CPU
	EndGlobalSection
	GlobalSection(ProjectConfigurationPlatforms) = postSolution
		{CE4AE955-E69C-4EA1-B4FF-B9BED916D8A2}.Debug|Any CPU.ActiveCfg = Debug|Any CPU
		{CE4AE955-E69C-4EA1-B4FF-B9BED916D8A2}.Debug|Any CPU.Build.0 = Debug|Any CPU
		{CE4AE955-E69C-4EA1-B4FF-B9BED916D8A2}.Release|Any CPU.ActiveCfg = Release|Any CPU
		{CE4AE955-E69C-4EA1-B4FF-B9BED916D8A2}.Release|Any CPU.Build.0 = Release|Any CPU
		{E3AE532D-0233-4B6B-9AF7-9DE2CCC1C67D}.Debug|Any CPU.ActiveCfg = Debug|Any CPU
		{E3AE532D-0233-4B6B-9AF7-9DE2CCC1C67D}.Debug|Any CPU.Build.0 = Debug|Any CPU
		{E3AE532D-0233-4B6B-9AF7-9DE2CCC1C67D}.Release|Any CPU.ActiveCfg = Release|Any CPU
		{E3AE532D-0233-4B6B-9AF7-9DE2CCC1C67D}.Release|Any CPU.Build.0 = Release|Any CPU
	EndGlobalSection
	GlobalSection(SolutionProperties) = preSolution
		HideSolutionNode = FALSE
	EndGlobalSection
EndGlobal
