
Microsoft Visual Studio Solution File, Format Version 12.00
# Visual Studio 2013
VisualStudioVersion = 12.0.30723.0
MinimumVisualStudioVersion = 10.0.40219.1
Project("{FAE04EC0-301F-11D3-BF4B-00C04F79EFBC}") = "BinaryPasswords", "BinaryPasswords\BinaryPasswords.csproj", "{5CA11048-88F8-4B7C-B43D-9100DE0B1256}"
EndProject
Project("{FAE04EC0-301F-11D3-BF4B-00C04F79EFBC}") = "ColoredRabits", "ColoredRabits\ColoredRabits.csproj", "{827F61F2-BA68-40DA-B283-47E3B0C106BF}"
EndProject
Project("{FAE04EC0-301F-11D3-BF4B-00C04F79EFBC}") = "DogeCoin", "DogeCoin\DogeCoin.csproj", "{7B6AD3A4-8A61-4C14-8B30-B25299A4B0AE}"
EndProject
Project("{2150E333-8FDC-42A3-9474-1A3956D46DE8}") = "Combinatorics", "Combinatorics", "{F0971292-F953-42B8-A251-51F01315F861}"
EndProject
Project("{FAE04EC0-301F-11D3-BF4B-00C04F79EFBC}") = "Trash", "Trash\Trash.csproj", "{3A2138E2-2AEB-479E-B177-6B86514C57AD}"
EndProject
Project("{FAE04EC0-301F-11D3-BF4B-00C04F79EFBC}") = "Frames", "Frames\Frames.csproj", "{DD7AE421-14B5-4960-96F0-08B5468FE9BD}"
EndProject
Project("{2150E333-8FDC-42A3-9474-1A3956D46DE8}") = "DataStructs", "DataStructs", "{CE1A9A34-AEB4-40CF-AACE-EAC629297D80}"
EndProject
Project("{FAE04EC0-301F-11D3-BF4B-00C04F79EFBC}") = "SupermarketQueue", "SupermarketQueue\SupermarketQueue.csproj", "{C49FC95B-AE1D-4639-8E2C-2B5B1878726C}"
EndProject
Project("{FAE04EC0-301F-11D3-BF4B-00C04F79EFBC}") = "MessageInABottle", "MessageInABottle\MessageInABottle.csproj", "{CD199C1B-2F6B-4597-BAE1-D47910E43342}"
EndProject
Project("{FAE04EC0-301F-11D3-BF4B-00C04F79EFBC}") = "ShoppingCenter", "ShoppingCenter\ShoppingCenter.csproj", "{12543B4E-7DE2-4E6D-94E0-CD89FD3CE1B2}"
EndProject
Global
	GlobalSection(SolutionConfigurationPlatforms) = preSolution
		Debug|Any CPU = Debug|Any CPU
		Release|Any CPU = Release|Any CPU
	EndGlobalSection
	GlobalSection(ProjectConfigurationPlatforms) = postSolution
		{5CA11048-88F8-4B7C-B43D-9100DE0B1256}.Debug|Any CPU.ActiveCfg = Debug|Any CPU
		{5CA11048-88F8-4B7C-B43D-9100DE0B1256}.Debug|Any CPU.Build.0 = Debug|Any CPU
		{5CA11048-88F8-4B7C-B43D-9100DE0B1256}.Release|Any CPU.ActiveCfg = Release|Any CPU
		{5CA11048-88F8-4B7C-B43D-9100DE0B1256}.Release|Any CPU.Build.0 = Release|Any CPU
		{827F61F2-BA68-40DA-B283-47E3B0C106BF}.Debug|Any CPU.ActiveCfg = Debug|Any CPU
		{827F61F2-BA68-40DA-B283-47E3B0C106BF}.Debug|Any CPU.Build.0 = Debug|Any CPU
		{827F61F2-BA68-40DA-B283-47E3B0C106BF}.Release|Any CPU.ActiveCfg = Release|Any CPU
		{827F61F2-BA68-40DA-B283-47E3B0C106BF}.Release|Any CPU.Build.0 = Release|Any CPU
		{7B6AD3A4-8A61-4C14-8B30-B25299A4B0AE}.Debug|Any CPU.ActiveCfg = Debug|Any CPU
		{7B6AD3A4-8A61-4C14-8B30-B25299A4B0AE}.Debug|Any CPU.Build.0 = Debug|Any CPU
		{7B6AD3A4-8A61-4C14-8B30-B25299A4B0AE}.Release|Any CPU.ActiveCfg = Release|Any CPU
		{7B6AD3A4-8A61-4C14-8B30-B25299A4B0AE}.Release|Any CPU.Build.0 = Release|Any CPU
		{3A2138E2-2AEB-479E-B177-6B86514C57AD}.Debug|Any CPU.ActiveCfg = Debug|Any CPU
		{3A2138E2-2AEB-479E-B177-6B86514C57AD}.Debug|Any CPU.Build.0 = Debug|Any CPU
		{3A2138E2-2AEB-479E-B177-6B86514C57AD}.Release|Any CPU.ActiveCfg = Release|Any CPU
		{3A2138E2-2AEB-479E-B177-6B86514C57AD}.Release|Any CPU.Build.0 = Release|Any CPU
		{DD7AE421-14B5-4960-96F0-08B5468FE9BD}.Debug|Any CPU.ActiveCfg = Debug|Any CPU
		{DD7AE421-14B5-4960-96F0-08B5468FE9BD}.Debug|Any CPU.Build.0 = Debug|Any CPU
		{DD7AE421-14B5-4960-96F0-08B5468FE9BD}.Release|Any CPU.ActiveCfg = Release|Any CPU
		{DD7AE421-14B5-4960-96F0-08B5468FE9BD}.Release|Any CPU.Build.0 = Release|Any CPU
		{C49FC95B-AE1D-4639-8E2C-2B5B1878726C}.Debug|Any CPU.ActiveCfg = Debug|Any CPU
		{C49FC95B-AE1D-4639-8E2C-2B5B1878726C}.Debug|Any CPU.Build.0 = Debug|Any CPU
		{C49FC95B-AE1D-4639-8E2C-2B5B1878726C}.Release|Any CPU.ActiveCfg = Release|Any CPU
		{C49FC95B-AE1D-4639-8E2C-2B5B1878726C}.Release|Any CPU.Build.0 = Release|Any CPU
		{CD199C1B-2F6B-4597-BAE1-D47910E43342}.Debug|Any CPU.ActiveCfg = Debug|Any CPU
		{CD199C1B-2F6B-4597-BAE1-D47910E43342}.Debug|Any CPU.Build.0 = Debug|Any CPU
		{CD199C1B-2F6B-4597-BAE1-D47910E43342}.Release|Any CPU.ActiveCfg = Release|Any CPU
		{CD199C1B-2F6B-4597-BAE1-D47910E43342}.Release|Any CPU.Build.0 = Release|Any CPU
		{12543B4E-7DE2-4E6D-94E0-CD89FD3CE1B2}.Debug|Any CPU.ActiveCfg = Debug|Any CPU
		{12543B4E-7DE2-4E6D-94E0-CD89FD3CE1B2}.Debug|Any CPU.Build.0 = Debug|Any CPU
		{12543B4E-7DE2-4E6D-94E0-CD89FD3CE1B2}.Release|Any CPU.ActiveCfg = Release|Any CPU
		{12543B4E-7DE2-4E6D-94E0-CD89FD3CE1B2}.Release|Any CPU.Build.0 = Release|Any CPU
	EndGlobalSection
	GlobalSection(SolutionProperties) = preSolution
		HideSolutionNode = FALSE
	EndGlobalSection
	GlobalSection(NestedProjects) = preSolution
		{5CA11048-88F8-4B7C-B43D-9100DE0B1256} = {F0971292-F953-42B8-A251-51F01315F861}
		{827F61F2-BA68-40DA-B283-47E3B0C106BF} = {F0971292-F953-42B8-A251-51F01315F861}
		{7B6AD3A4-8A61-4C14-8B30-B25299A4B0AE} = {F0971292-F953-42B8-A251-51F01315F861}
		{DD7AE421-14B5-4960-96F0-08B5468FE9BD} = {F0971292-F953-42B8-A251-51F01315F861}
		{C49FC95B-AE1D-4639-8E2C-2B5B1878726C} = {CE1A9A34-AEB4-40CF-AACE-EAC629297D80}
		{CD199C1B-2F6B-4597-BAE1-D47910E43342} = {F0971292-F953-42B8-A251-51F01315F861}
		{12543B4E-7DE2-4E6D-94E0-CD89FD3CE1B2} = {CE1A9A34-AEB4-40CF-AACE-EAC629297D80}
	EndGlobalSection
EndGlobal
