
Microsoft Visual Studio Solution File, Format Version 12.00
# Visual Studio 2013
VisualStudioVersion = 12.0.30723.0
MinimumVisualStudioVersion = 10.0.40219.1
Project("{FAE04EC0-301F-11D3-BF4B-00C04F79EFBC}") = "SQLiteTutorial.Models", "SQLiteTutorial.Models\SQLiteTutorial.Models.csproj", "{8C462170-1392-4115-A8A6-EDEF965FD243}"
EndProject
Project("{FAE04EC0-301F-11D3-BF4B-00C04F79EFBC}") = "SQLiteTutorial.Data", "SQLiteTutorial.Data\SQLiteTutorial.Data.csproj", "{0242BD65-4FBE-4D92-8A6B-CF37AB0E5744}"
EndProject
Project("{FAE04EC0-301F-11D3-BF4B-00C04F79EFBC}") = "ConsoleApplication", "ConsoleApplication\ConsoleApplication.csproj", "{79026876-33EE-4DEB-840F-BCA28F01B6D0}"
EndProject
Global
	GlobalSection(SolutionConfigurationPlatforms) = preSolution
		Debug|Any CPU = Debug|Any CPU
		Release|Any CPU = Release|Any CPU
	EndGlobalSection
	GlobalSection(ProjectConfigurationPlatforms) = postSolution
		{8C462170-1392-4115-A8A6-EDEF965FD243}.Debug|Any CPU.ActiveCfg = Debug|Any CPU
		{8C462170-1392-4115-A8A6-EDEF965FD243}.Debug|Any CPU.Build.0 = Debug|Any CPU
		{8C462170-1392-4115-A8A6-EDEF965FD243}.Release|Any CPU.ActiveCfg = Release|Any CPU
		{8C462170-1392-4115-A8A6-EDEF965FD243}.Release|Any CPU.Build.0 = Release|Any CPU
		{0242BD65-4FBE-4D92-8A6B-CF37AB0E5744}.Debug|Any CPU.ActiveCfg = Debug|Any CPU
		{0242BD65-4FBE-4D92-8A6B-CF37AB0E5744}.Debug|Any CPU.Build.0 = Debug|Any CPU
		{0242BD65-4FBE-4D92-8A6B-CF37AB0E5744}.Release|Any CPU.ActiveCfg = Release|Any CPU
		{0242BD65-4FBE-4D92-8A6B-CF37AB0E5744}.Release|Any CPU.Build.0 = Release|Any CPU
		{79026876-33EE-4DEB-840F-BCA28F01B6D0}.Debug|Any CPU.ActiveCfg = Debug|Any CPU
		{79026876-33EE-4DEB-840F-BCA28F01B6D0}.Debug|Any CPU.Build.0 = Debug|Any CPU
		{79026876-33EE-4DEB-840F-BCA28F01B6D0}.Release|Any CPU.ActiveCfg = Release|Any CPU
		{79026876-33EE-4DEB-840F-BCA28F01B6D0}.Release|Any CPU.Build.0 = Release|Any CPU
	EndGlobalSection
	GlobalSection(SolutionProperties) = preSolution
		HideSolutionNode = FALSE
	EndGlobalSection
EndGlobal
