
Microsoft Visual Studio Solution File, Format Version 12.00
# Visual Studio 2013
VisualStudioVersion = 12.0.30723.0
MinimumVisualStudioVersion = 10.0.40219.1
Project("{FAE04EC0-301F-11D3-BF4B-00C04F79EFBC}") = "01.Salaraies", "01.Salaraies\01.Salaraies.csproj", "{C875091A-C843-4B5E-8F81-64B26DAF887C}"
EndProject
Project("{FAE04EC0-301F-11D3-BF4B-00C04F79EFBC}") = "02.TvCompany", "02.TvCompany\02.TvCompany.csproj", "{92E99383-18FC-4072-970E-8818FC1B0D25}"
EndProject
Global
	GlobalSection(SolutionConfigurationPlatforms) = preSolution
		Debug|Any CPU = Debug|Any CPU
		Release|Any CPU = Release|Any CPU
	EndGlobalSection
	GlobalSection(ProjectConfigurationPlatforms) = postSolution
		{C875091A-C843-4B5E-8F81-64B26DAF887C}.Debug|Any CPU.ActiveCfg = Debug|Any CPU
		{C875091A-C843-4B5E-8F81-64B26DAF887C}.Debug|Any CPU.Build.0 = Debug|Any CPU
		{C875091A-C843-4B5E-8F81-64B26DAF887C}.Release|Any CPU.ActiveCfg = Release|Any CPU
		{C875091A-C843-4B5E-8F81-64B26DAF887C}.Release|Any CPU.Build.0 = Release|Any CPU
		{92E99383-18FC-4072-970E-8818FC1B0D25}.Debug|Any CPU.ActiveCfg = Debug|Any CPU
		{92E99383-18FC-4072-970E-8818FC1B0D25}.Debug|Any CPU.Build.0 = Debug|Any CPU
		{92E99383-18FC-4072-970E-8818FC1B0D25}.Release|Any CPU.ActiveCfg = Release|Any CPU
		{92E99383-18FC-4072-970E-8818FC1B0D25}.Release|Any CPU.Build.0 = Release|Any CPU
	EndGlobalSection
	GlobalSection(SolutionProperties) = preSolution
		HideSolutionNode = FALSE
	EndGlobalSection
EndGlobal
