
Microsoft Visual Studio Solution File, Format Version 12.00
# Visual Studio 2013
VisualStudioVersion = 12.0.30723.0
MinimumVisualStudioVersion = 10.0.40219.1
Project("{FAE04EC0-301F-11D3-BF4B-00C04F79EFBC}") = "HomeworkData", "HomeworkData\HomeworkData.csproj", "{BBDA83B7-CF08-4408-9B65-3D933B07ECD2}"
EndProject
Project("{FAE04EC0-301F-11D3-BF4B-00C04F79EFBC}") = "HomeworkDataAccessObject", "HomeworkDataAccessObject\HomeworkDataAccessObject.csproj", "{F549015E-66C6-4D38-8F85-004FF8E7C914}"
EndProject
Global
	GlobalSection(SolutionConfigurationPlatforms) = preSolution
		Debug|Any CPU = Debug|Any CPU
		Release|Any CPU = Release|Any CPU
	EndGlobalSection
	GlobalSection(ProjectConfigurationPlatforms) = postSolution
		{BBDA83B7-CF08-4408-9B65-3D933B07ECD2}.Debug|Any CPU.ActiveCfg = Debug|Any CPU
		{BBDA83B7-CF08-4408-9B65-3D933B07ECD2}.Debug|Any CPU.Build.0 = Debug|Any CPU
		{BBDA83B7-CF08-4408-9B65-3D933B07ECD2}.Release|Any CPU.ActiveCfg = Release|Any CPU
		{BBDA83B7-CF08-4408-9B65-3D933B07ECD2}.Release|Any CPU.Build.0 = Release|Any CPU
		{F549015E-66C6-4D38-8F85-004FF8E7C914}.Debug|Any CPU.ActiveCfg = Debug|Any CPU
		{F549015E-66C6-4D38-8F85-004FF8E7C914}.Debug|Any CPU.Build.0 = Debug|Any CPU
		{F549015E-66C6-4D38-8F85-004FF8E7C914}.Release|Any CPU.ActiveCfg = Release|Any CPU
		{F549015E-66C6-4D38-8F85-004FF8E7C914}.Release|Any CPU.Build.0 = Release|Any CPU
	EndGlobalSection
	GlobalSection(SolutionProperties) = preSolution
		HideSolutionNode = FALSE
	EndGlobalSection
EndGlobal
