
Microsoft Visual Studio Solution File, Format Version 12.00
# Visual Studio 2013
VisualStudioVersion = 12.0.30110.0
MinimumVisualStudioVersion = 10.0.40219.1
Project("{FAE04EC0-301F-11D3-BF4B-00C04F79EFBC}") = "01.NestedLoopsAsRecursion", "01.NestedLoopsAsRecursion\01.NestedLoopsAsRecursion.csproj", "{67CD70CC-04E1-464C-B38E-3F0283884236}"
EndProject
Project("{FAE04EC0-301F-11D3-BF4B-00C04F79EFBC}") = "02-03.Combinations", "02.CombinationsWithDuplicates\02-03.Combinations.csproj", "{963C1C70-8782-419A-9976-A10D6BF4DF03}"
EndProject
Project("{FAE04EC0-301F-11D3-BF4B-00C04F79EFBC}") = "04.Permutations", "04.Permutations\04.Permutations.csproj", "{3CF3F327-35D1-4311-95DA-414C878E129F}"
EndProject
Project("{FAE04EC0-301F-11D3-BF4B-00C04F79EFBC}") = "05.Variations", "05.Variations\05.Variations.csproj", "{9124C7AB-F998-4A45-99BD-FEC6DBFDA900}"
EndProject
Project("{FAE04EC0-301F-11D3-BF4B-00C04F79EFBC}") = "06.Combinations", "06.Combinations\06.Combinations.csproj", "{065B7797-91BA-4883-A3C1-3418A7EA350E}"
EndProject
Project("{FAE04EC0-301F-11D3-BF4B-00C04F79EFBC}") = "07.PathsBetweenCells", "07.PathsBetweenCells\07.PathsBetweenCells.csproj", "{D18EFFA1-4FEC-4D40-9B57-612FBD8655BA}"
EndProject
Global
	GlobalSection(SolutionConfigurationPlatforms) = preSolution
		Debug|Any CPU = Debug|Any CPU
		Release|Any CPU = Release|Any CPU
	EndGlobalSection
	GlobalSection(ProjectConfigurationPlatforms) = postSolution
		{67CD70CC-04E1-464C-B38E-3F0283884236}.Debug|Any CPU.ActiveCfg = Debug|Any CPU
		{67CD70CC-04E1-464C-B38E-3F0283884236}.Debug|Any CPU.Build.0 = Debug|Any CPU
		{67CD70CC-04E1-464C-B38E-3F0283884236}.Release|Any CPU.ActiveCfg = Release|Any CPU
		{67CD70CC-04E1-464C-B38E-3F0283884236}.Release|Any CPU.Build.0 = Release|Any CPU
		{963C1C70-8782-419A-9976-A10D6BF4DF03}.Debug|Any CPU.ActiveCfg = Debug|Any CPU
		{963C1C70-8782-419A-9976-A10D6BF4DF03}.Debug|Any CPU.Build.0 = Debug|Any CPU
		{963C1C70-8782-419A-9976-A10D6BF4DF03}.Release|Any CPU.ActiveCfg = Release|Any CPU
		{963C1C70-8782-419A-9976-A10D6BF4DF03}.Release|Any CPU.Build.0 = Release|Any CPU
		{3CF3F327-35D1-4311-95DA-414C878E129F}.Debug|Any CPU.ActiveCfg = Debug|Any CPU
		{3CF3F327-35D1-4311-95DA-414C878E129F}.Debug|Any CPU.Build.0 = Debug|Any CPU
		{3CF3F327-35D1-4311-95DA-414C878E129F}.Release|Any CPU.ActiveCfg = Release|Any CPU
		{3CF3F327-35D1-4311-95DA-414C878E129F}.Release|Any CPU.Build.0 = Release|Any CPU
		{9124C7AB-F998-4A45-99BD-FEC6DBFDA900}.Debug|Any CPU.ActiveCfg = Debug|Any CPU
		{9124C7AB-F998-4A45-99BD-FEC6DBFDA900}.Debug|Any CPU.Build.0 = Debug|Any CPU
		{9124C7AB-F998-4A45-99BD-FEC6DBFDA900}.Release|Any CPU.ActiveCfg = Release|Any CPU
		{9124C7AB-F998-4A45-99BD-FEC6DBFDA900}.Release|Any CPU.Build.0 = Release|Any CPU
		{065B7797-91BA-4883-A3C1-3418A7EA350E}.Debug|Any CPU.ActiveCfg = Debug|Any CPU
		{065B7797-91BA-4883-A3C1-3418A7EA350E}.Debug|Any CPU.Build.0 = Debug|Any CPU
		{065B7797-91BA-4883-A3C1-3418A7EA350E}.Release|Any CPU.ActiveCfg = Release|Any CPU
		{065B7797-91BA-4883-A3C1-3418A7EA350E}.Release|Any CPU.Build.0 = Release|Any CPU
		{D18EFFA1-4FEC-4D40-9B57-612FBD8655BA}.Debug|Any CPU.ActiveCfg = Debug|Any CPU
		{D18EFFA1-4FEC-4D40-9B57-612FBD8655BA}.Debug|Any CPU.Build.0 = Debug|Any CPU
		{D18EFFA1-4FEC-4D40-9B57-612FBD8655BA}.Release|Any CPU.ActiveCfg = Release|Any CPU
		{D18EFFA1-4FEC-4D40-9B57-612FBD8655BA}.Release|Any CPU.Build.0 = Release|Any CPU
	EndGlobalSection
	GlobalSection(SolutionProperties) = preSolution
		HideSolutionNode = FALSE
	EndGlobalSection
EndGlobal
